
Microsoft Visual Studio Solution File, Format Version 12.00
# Visual Studio Version 17
VisualStudioVersion = 17.3.32929.385
MinimumVisualStudioVersion = 10.0.40219.1
Project("{FAE04EC0-301F-11D3-BF4B-00C04F79EFBC}") = "BudgetTracking.UWP", "BudgetTracking.UWP\BudgetTracking.UWP.csproj", "{A23B0C23-792F-4A0C-AF51-4F9832722452}"
EndProject
Project("{FAE04EC0-301F-11D3-BF4B-00C04F79EFBC}") = "BudgetTracking.Android", "BudgetTracking.Android\BudgetTracking.Android.csproj", "{4E74411A-C372-4075-996F-B7782D4F1DD3}"
EndProject
Project("{FAE04EC0-301F-11D3-BF4B-00C04F79EFBC}") = "BudgetTracking.iOS", "BudgetTracking.iOS\BudgetTracking.iOS.csproj", "{3A719701-23BB-4026-A2F6-0087F9FDED3B}"
EndProject
Project("{FAE04EC0-301F-11D3-BF4B-00C04F79EFBC}") = "BudgetTracking", "BudgetTracking\BudgetTracking.csproj", "{CEF49FE3-82DC-4D58-97ED-43C9609407EB}"
EndProject
Global
	GlobalSection(SolutionConfigurationPlatforms) = preSolution
		Debug|Any CPU = Debug|Any CPU
		Debug|ARM = Debug|ARM
		Debug|iPhone = Debug|iPhone
		Debug|iPhoneSimulator = Debug|iPhoneSimulator
		Debug|x64 = Debug|x64
		Debug|x86 = Debug|x86
		Release|Any CPU = Release|Any CPU
		Release|ARM = Release|ARM
		Release|iPhone = Release|iPhone
		Release|iPhoneSimulator = Release|iPhoneSimulator
		Release|x64 = Release|x64
		Release|x86 = Release|x86
	EndGlobalSection
	GlobalSection(ProjectConfigurationPlatforms) = postSolution
		{A23B0C23-792F-4A0C-AF51-4F9832722452}.Debug|Any CPU.ActiveCfg = Debug|x64
		{A23B0C23-792F-4A0C-AF51-4F9832722452}.Debug|Any CPU.Build.0 = Debug|x64
		{A23B0C23-792F-4A0C-AF51-4F9832722452}.Debug|Any CPU.Deploy.0 = Debug|x64
		{A23B0C23-792F-4A0C-AF51-4F9832722452}.Debug|ARM.ActiveCfg = Debug|ARM
		{A23B0C23-792F-4A0C-AF51-4F9832722452}.Debug|ARM.Build.0 = Debug|ARM
		{A23B0C23-792F-4A0C-AF51-4F9832722452}.Debug|ARM.Deploy.0 = Debug|ARM
		{A23B0C23-792F-4A0C-AF51-4F9832722452}.Debug|iPhone.ActiveCfg = Debug|x64
		{A23B0C23-792F-4A0C-AF51-4F9832722452}.Debug|iPhone.Build.0 = Debug|x64
		{A23B0C23-792F-4A0C-AF51-4F9832722452}.Debug|iPhone.Deploy.0 = Debug|x64
		{A23B0C23-792F-4A0C-AF51-4F9832722452}.Debug|iPhoneSimulator.ActiveCfg = Debug|x64
		{A23B0C23-792F-4A0C-AF51-4F9832722452}.Debug|iPhoneSimulator.Build.0 = Debug|x64
		{A23B0C23-792F-4A0C-AF51-4F9832722452}.Debug|iPhoneSimulator.Deploy.0 = Debug|x64
		{A23B0C23-792F-4A0C-AF51-4F9832722452}.Debug|x64.ActiveCfg = Debug|x64
		{A23B0C23-792F-4A0C-AF51-4F9832722452}.Debug|x64.Build.0 = Debug|x64
		{A23B0C23-792F-4A0C-AF51-4F9832722452}.Debug|x64.Deploy.0 = Debug|x64
		{A23B0C23-792F-4A0C-AF51-4F9832722452}.Debug|x86.ActiveCfg = Debug|x86
		{A23B0C23-792F-4A0C-AF51-4F9832722452}.Debug|x86.Build.0 = Debug|x86
		{A23B0C23-792F-4A0C-AF51-4F9832722452}.Debug|x86.Deploy.0 = Debug|x86
		{A23B0C23-792F-4A0C-AF51-4F9832722452}.Release|Any CPU.ActiveCfg = Release|x64
		{A23B0C23-792F-4A0C-AF51-4F9832722452}.Release|Any CPU.Build.0 = Release|x64
		{A23B0C23-792F-4A0C-AF51-4F9832722452}.Release|Any CPU.Deploy.0 = Release|x64
		{A23B0C23-792F-4A0C-AF51-4F9832722452}.Release|ARM.ActiveCfg = Release|ARM
		{A23B0C23-792F-4A0C-AF51-4F9832722452}.Release|ARM.Build.0 = Release|ARM
		{A23B0C23-792F-4A0C-AF51-4F9832722452}.Release|ARM.Deploy.0 = Release|ARM
		{A23B0C23-792F-4A0C-AF51-4F9832722452}.Release|iPhone.ActiveCfg = Release|x64
		{A23B0C23-792F-4A0C-AF51-4F9832722452}.Release|iPhone.Build.0 = Release|x64
		{A23B0C23-792F-4A0C-AF51-4F9832722452}.Release|iPhone.Deploy.0 = Release|x64
		{A23B0C23-792F-4A0C-AF51-4F9832722452}.Release|iPhoneSimulator.ActiveCfg = Release|x64
		{A23B0C23-792F-4A0C-AF51-4F9832722452}.Release|iPhoneSimulator.Build.0 = Release|x64
		{A23B0C23-792F-4A0C-AF51-4F9832722452}.Release|iPhoneSimulator.Deploy.0 = Release|x64
		{A23B0C23-792F-4A0C-AF51-4F9832722452}.Release|x64.ActiveCfg = Release|x64
		{A23B0C23-792F-4A0C-AF51-4F9832722452}.Release|x64.Build.0 = Release|x64
		{A23B0C23-792F-4A0C-AF51-4F9832722452}.Release|x64.Deploy.0 = Release|x64
		{A23B0C23-792F-4A0C-AF51-4F9832722452}.Release|x86.ActiveCfg = Release|x86
		{A23B0C23-792F-4A0C-AF51-4F9832722452}.Release|x86.Build.0 = Release|x86
		{A23B0C23-792F-4A0C-AF51-4F9832722452}.Release|x86.Deploy.0 = Release|x86
		{4E74411A-C372-4075-996F-B7782D4F1DD3}.Debug|Any CPU.ActiveCfg = Debug|Any CPU
		{4E74411A-C372-4075-996F-B7782D4F1DD3}.Debug|Any CPU.Build.0 = Debug|Any CPU
		{4E74411A-C372-4075-996F-B7782D4F1DD3}.Debug|Any CPU.Deploy.0 = Debug|Any CPU
		{4E74411A-C372-4075-996F-B7782D4F1DD3}.Debug|ARM.ActiveCfg = Debug|Any CPU
		{4E74411A-C372-4075-996F-B7782D4F1DD3}.Debug|ARM.Build.0 = Debug|Any CPU
		{4E74411A-C372-4075-996F-B7782D4F1DD3}.Debug|ARM.Deploy.0 = Debug|Any CPU
		{4E74411A-C372-4075-996F-B7782D4F1DD3}.Debug|iPhone.ActiveCfg = Debug|Any CPU
		{4E74411A-C372-4075-996F-B7782D4F1DD3}.Debug|iPhone.Build.0 = Debug|Any CPU
		{4E74411A-C372-4075-996F-B7782D4F1DD3}.Debug|iPhone.Deploy.0 = Debug|Any CPU
		{4E74411A-C372-4075-996F-B7782D4F1DD3}.Debug|iPhoneSimulator.ActiveCfg = Debug|Any CPU
		{4E74411A-C372-4075-996F-B7782D4F1DD3}.Debug|iPhoneSimulator.Build.0 = Debug|Any CPU
		{4E74411A-C372-4075-996F-B7782D4F1DD3}.Debug|iPhoneSimulator.Deploy.0 = Debug|Any CPU
		{4E74411A-C372-4075-996F-B7782D4F1DD3}.Debug|x64.ActiveCfg = Debug|Any CPU
		{4E74411A-C372-4075-996F-B7782D4F1DD3}.Debug|x64.Build.0 = Debug|Any CPU
		{4E74411A-C372-4075-996F-B7782D4F1DD3}.Debug|x64.Deploy.0 = Debug|Any CPU
		{4E74411A-C372-4075-996F-B7782D4F1DD3}.Debug|x86.ActiveCfg = Debug|Any CPU
		{4E74411A-C372-4075-996F-B7782D4F1DD3}.Debug|x86.Build.0 = Debug|Any CPU
		{4E74411A-C372-4075-996F-B7782D4F1DD3}.Debug|x86.Deploy.0 = Debug|Any CPU
		{4E74411A-C372-4075-996F-B7782D4F1DD3}.Release|Any CPU.ActiveCfg = Release|Any CPU
		{4E74411A-C372-4075-996F-B7782D4F1DD3}.Release|Any CPU.Build.0 = Release|Any CPU
		{4E74411A-C372-4075-996F-B7782D4F1DD3}.Release|Any CPU.Deploy.0 = Release|Any CPU
		{4E74411A-C372-4075-996F-B7782D4F1DD3}.Release|ARM.ActiveCfg = Release|Any CPU
		{4E74411A-C372-4075-996F-B7782D4F1DD3}.Release|ARM.Build.0 = Release|Any CPU
		{4E74411A-C372-4075-996F-B7782D4F1DD3}.Release|ARM.Deploy.0 = Release|Any CPU
		{4E74411A-C372-4075-996F-B7782D4F1DD3}.Release|iPhone.ActiveCfg = Release|Any CPU
		{4E74411A-C372-4075-996F-B7782D4F1DD3}.Release|iPhone.Build.0 = Release|Any CPU
		{4E74411A-C372-4075-996F-B7782D4F1DD3}.Release|iPhone.Deploy.0 = Release|Any CPU
		{4E74411A-C372-4075-996F-B7782D4F1DD3}.Release|iPhoneSimulator.ActiveCfg = Release|Any CPU
		{4E74411A-C372-4075-996F-B7782D4F1DD3}.Release|iPhoneSimulator.Build.0 = Release|Any CPU
		{4E74411A-C372-4075-996F-B7782D4F1DD3}.Release|iPhoneSimulator.Deploy.0 = Release|Any CPU
		{4E74411A-C372-4075-996F-B7782D4F1DD3}.Release|x64.ActiveCfg = Release|Any CPU
		{4E74411A-C372-4075-996F-B7782D4F1DD3}.Release|x64.Build.0 = Release|Any CPU
		{4E74411A-C372-4075-996F-B7782D4F1DD3}.Release|x64.Deploy.0 = Release|Any CPU
		{4E74411A-C372-4075-996F-B7782D4F1DD3}.Release|x86.ActiveCfg = Release|Any CPU
		{4E74411A-C372-4075-996F-B7782D4F1DD3}.Release|x86.Build.0 = Release|Any CPU
		{4E74411A-C372-4075-996F-B7782D4F1DD3}.Release|x86.Deploy.0 = Release|Any CPU
		{3A719701-23BB-4026-A2F6-0087F9FDED3B}.Debug|Any CPU.ActiveCfg = Debug|iPhoneSimulator
		{3A719701-23BB-4026-A2F6-0087F9FDED3B}.Debug|Any CPU.Build.0 = Debug|iPhoneSimulator
		{3A719701-23BB-4026-A2F6-0087F9FDED3B}.Debug|Any CPU.Deploy.0 = Debug|iPhoneSimulator
		{3A719701-23BB-4026-A2F6-0087F9FDED3B}.Debug|ARM.ActiveCfg = Debug|iPhoneSimulator
		{3A719701-23BB-4026-A2F6-0087F9FDED3B}.Debug|ARM.Build.0 = Debug|iPhoneSimulator
		{3A719701-23BB-4026-A2F6-0087F9FDED3B}.Debug|ARM.Deploy.0 = Debug|iPhoneSimulator
		{3A719701-23BB-4026-A2F6-0087F9FDED3B}.Debug|iPhone.ActiveCfg = Debug|iPhone
		{3A719701-23BB-4026-A2F6-0087F9FDED3B}.Debug|iPhone.Build.0 = Debug|iPhone
		{3A719701-23BB-4026-A2F6-0087F9FDED3B}.Debug|iPhone.Deploy.0 = Debug|iPhone
		{3A719701-23BB-4026-A2F6-0087F9FDED3B}.Debug|iPhoneSimulator.ActiveCfg = Debug|iPhoneSimulator
		{3A719701-23BB-4026-A2F6-0087F9FDED3B}.Debug|iPhoneSimulator.Build.0 = Debug|iPhoneSimulator
		{3A719701-23BB-4026-A2F6-0087F9FDED3B}.Debug|iPhoneSimulator.Deploy.0 = Debug|iPhoneSimulator
		{3A719701-23BB-4026-A2F6-0087F9FDED3B}.Debug|x64.ActiveCfg = Debug|iPhone
		{3A719701-23BB-4026-A2F6-0087F9FDED3B}.Debug|x64.Build.0 = Debug|iPhone
		{3A719701-23BB-4026-A2F6-0087F9FDED3B}.Debug|x64.Deploy.0 = Debug|iPhone
		{3A719701-23BB-4026-A2F6-0087F9FDED3B}.Debug|x86.ActiveCfg = Debug|iPhoneSimulator
		{3A719701-23BB-4026-A2F6-0087F9FDED3B}.Debug|x86.Build.0 = Debug|iPhoneSimulator
		{3A719701-23BB-4026-A2F6-0087F9FDED3B}.Debug|x86.Deploy.0 = Debug|iPhoneSimulator
		{3A719701-23BB-4026-A2F6-0087F9FDED3B}.Release|Any CPU.ActiveCfg = Release|iPhoneSimulator
		{3A719701-23BB-4026-A2F6-0087F9FDED3B}.Release|Any CPU.Build.0 = Release|iPhoneSimulator
		{3A719701-23BB-4026-A2F6-0087F9FDED3B}.Release|Any CPU.Deploy.0 = Release|iPhoneSimulator
		{3A719701-23BB-4026-A2F6-0087F9FDED3B}.Release|ARM.ActiveCfg = Release|iPhoneSimulator
		{3A719701-23BB-4026-A2F6-0087F9FDED3B}.Release|ARM.Build.0 = Release|iPhoneSimulator
		{3A719701-23BB-4026-A2F6-0087F9FDED3B}.Release|ARM.Deploy.0 = Release|iPhoneSimulator
		{3A719701-23BB-4026-A2F6-0087F9FDED3B}.Release|iPhone.ActiveCfg = Release|iPhone
		{3A719701-23BB-4026-A2F6-0087F9FDED3B}.Release|iPhone.Build.0 = Release|iPhone
		{3A719701-23BB-4026-A2F6-0087F9FDED3B}.Release|iPhone.Deploy.0 = Release|iPhone
		{3A719701-23BB-4026-A2F6-0087F9FDED3B}.Release|iPhoneSimulator.ActiveCfg = Release|iPhoneSimulator
		{3A719701-23BB-4026-A2F6-0087F9FDED3B}.Release|iPhoneSimulator.Build.0 = Release|iPhoneSimulator
		{3A719701-23BB-4026-A2F6-0087F9FDED3B}.Release|iPhoneSimulator.Deploy.0 = Release|iPhoneSimulator
		{3A719701-23BB-4026-A2F6-0087F9FDED3B}.Release|x64.ActiveCfg = Release|iPhoneSimulator
		{3A719701-23BB-4026-A2F6-0087F9FDED3B}.Release|x64.Build.0 = Release|iPhoneSimulator
		{3A719701-23BB-4026-A2F6-0087F9FDED3B}.Release|x64.Deploy.0 = Release|iPhoneSimulator
		{3A719701-23BB-4026-A2F6-0087F9FDED3B}.Release|x86.ActiveCfg = Release|iPhoneSimulator
		{3A719701-23BB-4026-A2F6-0087F9FDED3B}.Release|x86.Build.0 = Release|iPhoneSimulator
		{3A719701-23BB-4026-A2F6-0087F9FDED3B}.Release|x86.Deploy.0 = Release|iPhoneSimulator
		{CEF49FE3-82DC-4D58-97ED-43C9609407EB}.Debug|Any CPU.ActiveCfg = Debug|Any CPU
		{CEF49FE3-82DC-4D58-97ED-43C9609407EB}.Debug|Any CPU.Build.0 = Debug|Any CPU
		{CEF49FE3-82DC-4D58-97ED-43C9609407EB}.Debug|Any CPU.Deploy.0 = Debug|Any CPU
		{CEF49FE3-82DC-4D58-97ED-43C9609407EB}.Debug|ARM.ActiveCfg = Debug|Any CPU
		{CEF49FE3-82DC-4D58-97ED-43C9609407EB}.Debug|ARM.Build.0 = Debug|Any CPU
		{CEF49FE3-82DC-4D58-97ED-43C9609407EB}.Debug|ARM.Deploy.0 = Debug|Any CPU
		{CEF49FE3-82DC-4D58-97ED-43C9609407EB}.Debug|iPhone.ActiveCfg = Debug|Any CPU
		{CEF49FE3-82DC-4D58-97ED-43C9609407EB}.Debug|iPhone.Build.0 = Debug|Any CPU
		{CEF49FE3-82DC-4D58-97ED-43C9609407EB}.Debug|iPhone.Deploy.0 = Debug|Any CPU
		{CEF49FE3-82DC-4D58-97ED-43C9609407EB}.Debug|iPhoneSimulator.ActiveCfg = Debug|Any CPU
		{CEF49FE3-82DC-4D58-97ED-43C9609407EB}.Debug|iPhoneSimulator.Build.0 = Debug|Any CPU
		{CEF49FE3-82DC-4D58-97ED-43C9609407EB}.Debug|iPhoneSimulator.Deploy.0 = Debug|Any CPU
		{CEF49FE3-82DC-4D58-97ED-43C9609407EB}.Debug|x64.ActiveCfg = Debug|Any CPU
		{CEF49FE3-82DC-4D58-97ED-43C9609407EB}.Debug|x64.Build.0 = Debug|Any CPU
		{CEF49FE3-82DC-4D58-97ED-43C9609407EB}.Debug|x64.Deploy.0 = Debug|Any CPU
		{CEF49FE3-82DC-4D58-97ED-43C9609407EB}.Debug|x86.ActiveCfg = Debug|Any CPU
		{CEF49FE3-82DC-4D58-97ED-43C9609407EB}.Debug|x86.Build.0 = Debug|Any CPU
		{CEF49FE3-82DC-4D58-97ED-43C9609407EB}.Debug|x86.Deploy.0 = Debug|Any CPU
		{CEF49FE3-82DC-4D58-97ED-43C9609407EB}.Release|Any CPU.ActiveCfg = Release|Any CPU
		{CEF49FE3-82DC-4D58-97ED-43C9609407EB}.Release|Any CPU.Build.0 = Release|Any CPU
		{CEF49FE3-82DC-4D58-97ED-43C9609407EB}.Release|Any CPU.Deploy.0 = Release|Any CPU
		{CEF49FE3-82DC-4D58-97ED-43C9609407EB}.Release|ARM.ActiveCfg = Release|Any CPU
		{CEF49FE3-82DC-4D58-97ED-43C9609407EB}.Release|ARM.Build.0 = Release|Any CPU
		{CEF49FE3-82DC-4D58-97ED-43C9609407EB}.Release|ARM.Deploy.0 = Release|Any CPU
		{CEF49FE3-82DC-4D58-97ED-43C9609407EB}.Release|iPhone.ActiveCfg = Release|Any CPU
		{CEF49FE3-82DC-4D58-97ED-43C9609407EB}.Release|iPhone.Build.0 = Release|Any CPU
		{CEF49FE3-82DC-4D58-97ED-43C9609407EB}.Release|iPhone.Deploy.0 = Release|Any CPU
		{CEF49FE3-82DC-4D58-97ED-43C9609407EB}.Release|iPhoneSimulator.ActiveCfg = Release|Any CPU
		{CEF49FE3-82DC-4D58-97ED-43C9609407EB}.Release|iPhoneSimulator.Build.0 = Release|Any CPU
		{CEF49FE3-82DC-4D58-97ED-43C9609407EB}.Release|iPhoneSimulator.Deploy.0 = Release|Any CPU
		{CEF49FE3-82DC-4D58-97ED-43C9609407EB}.Release|x64.ActiveCfg = Release|Any CPU
		{CEF49FE3-82DC-4D58-97ED-43C9609407EB}.Release|x64.Build.0 = Release|Any CPU
		{CEF49FE3-82DC-4D58-97ED-43C9609407EB}.Release|x64.Deploy.0 = Release|Any CPU
		{CEF49FE3-82DC-4D58-97ED-43C9609407EB}.Release|x86.ActiveCfg = Release|Any CPU
		{CEF49FE3-82DC-4D58-97ED-43C9609407EB}.Release|x86.Build.0 = Release|Any CPU
		{CEF49FE3-82DC-4D58-97ED-43C9609407EB}.Release|x86.Deploy.0 = Release|Any CPU
	EndGlobalSection
	GlobalSection(SolutionProperties) = preSolution
		HideSolutionNode = FALSE
	EndGlobalSection
	GlobalSection(ExtensibilityGlobals) = postSolution
		SolutionGuid = {386AD03E-FEE2-493C-9B41-C284048B4F8E}
	EndGlobalSection
EndGlobal
